
Microsoft Visual Studio Solution File, Format Version 12.00
# Visual Studio Version 17
VisualStudioVersion = 17.9.34701.34
MinimumVisualStudioVersion = 10.0.40219.1
Project("{F184B08F-C81C-45F6-A57F-5ABD9991F28F}") = "Delegate-Lambda-VB-NET-Demo", "Delegate-Lambda-VB-NET-Demo.vbproj", "{19978E12-D8AF-402C-BC2E-891A5FB7AB63}"
EndProject
Global
	GlobalSection(SolutionConfigurationPlatforms) = preSolution
		Debug|Any CPU = Debug|Any CPU
		Release|Any CPU = Release|Any CPU
	EndGlobalSection
	GlobalSection(ProjectConfigurationPlatforms) = postSolution
		{19978E12-D8AF-402C-BC2E-891A5FB7AB63}.Debug|Any CPU.ActiveCfg = Debug|Any CPU
		{19978E12-D8AF-402C-BC2E-891A5FB7AB63}.Debug|Any CPU.Build.0 = Debug|Any CPU
		{19978E12-D8AF-402C-BC2E-891A5FB7AB63}.Release|Any CPU.ActiveCfg = Release|Any CPU
		{19978E12-D8AF-402C-BC2E-891A5FB7AB63}.Release|Any CPU.Build.0 = Release|Any CPU
	EndGlobalSection
	GlobalSection(SolutionProperties) = preSolution
		HideSolutionNode = FALSE
	EndGlobalSection
	GlobalSection(ExtensibilityGlobals) = postSolution
		SolutionGuid = {2C090911-EC98-4045-AC9A-96ABC5ACC3E8}
	EndGlobalSection
EndGlobal
